
Microsoft Visual Studio Solution File, Format Version 12.00
# Visual Studio Version 17
VisualStudioVersion = 17.14.36401.2
MinimumVisualStudioVersion = 10.0.40219.1
Project("{FAE04EC0-301F-11D3-BF4B-00C04F79EFBC}") = "AITechDigitalTradeHub.Data", "AITechDigitalTradeHub.Data\AITechDigitalTradeHub.Data.csproj", "{3C3E3DF8-74B9-46DA-A46F-826E07F7A266}"
EndProject
Project("{FAE04EC0-301F-11D3-BF4B-00C04F79EFBC}") = "AITechDigitalTradeHub.Api", "AITechDigitalTradeHub.Api\AITechDigitalTradeHub.Api.csproj", "{212440CD-7A6F-414D-8731-AD7E8CC5A6F6}"
EndProject
Global
	GlobalSection(SolutionConfigurationPlatforms) = preSolution
		Debug|Any CPU = Debug|Any CPU
		Release|Any CPU = Release|Any CPU
	EndGlobalSection
	GlobalSection(ProjectConfigurationPlatforms) = postSolution
		{3C3E3DF8-74B9-46DA-A46F-826E07F7A266}.Debug|Any CPU.ActiveCfg = Debug|Any CPU
		{3C3E3DF8-74B9-46DA-A46F-826E07F7A266}.Debug|Any CPU.Build.0 = Debug|Any CPU
		{3C3E3DF8-74B9-46DA-A46F-826E07F7A266}.Release|Any CPU.ActiveCfg = Release|Any CPU
		{3C3E3DF8-74B9-46DA-A46F-826E07F7A266}.Release|Any CPU.Build.0 = Release|Any CPU
		{212440CD-7A6F-414D-8731-AD7E8CC5A6F6}.Debug|Any CPU.ActiveCfg = Debug|Any CPU
		{212440CD-7A6F-414D-8731-AD7E8CC5A6F6}.Debug|Any CPU.Build.0 = Debug|Any CPU
		{212440CD-7A6F-414D-8731-AD7E8CC5A6F6}.Release|Any CPU.ActiveCfg = Release|Any CPU
		{212440CD-7A6F-414D-8731-AD7E8CC5A6F6}.Release|Any CPU.Build.0 = Release|Any CPU
	EndGlobalSection
	GlobalSection(SolutionProperties) = preSolution
		HideSolutionNode = FALSE
	EndGlobalSection
	GlobalSection(ExtensibilityGlobals) = postSolution
		SolutionGuid = {A4247D6F-DC4C-4395-9209-A056D7F5D724}
	EndGlobalSection
EndGlobal
